
Microsoft Visual Studio Solution File, Format Version 12.00
# Visual Studio Version 17
VisualStudioVersion = 17.0.31903.59
MinimumVisualStudioVersion = 10.0.40219.1
Project("{FAE04EC0-301F-11D3-BF4B-00C04F79EFBC}") = "Generator2DApp", "Generator2DApp\Generator2DApp.csproj", "{B113862C-EA87-4EF3-B399-FB92C404B19B}"
EndProject
Project("{FAE04EC0-301F-11D3-BF4B-00C04F79EFBC}") = "Generator3DApp", "Generator3DApp\Generator3DApp.csproj", "{170270B1-67AF-4FB5-B910-B3FA66DD5161}"
EndProject
Project("{FAE04EC0-301F-11D3-BF4B-00C04F79EFBC}") = "Generator4DApp", "Generator4DApp\Generator4DApp.csproj", "{A9E801CD-1513-4D0F-9889-2A31A33D2B46}"
EndProject
Project("{FAE04EC0-301F-11D3-BF4B-00C04F79EFBC}") = "GeneratorManagerApp", "GeneratorManagerApp\GeneratorManagerApp.csproj", "{2DF593D5-3C21-46DB-A47A-E4E5B47C8AEF}"
EndProject
Global
	GlobalSection(SolutionConfigurationPlatforms) = preSolution
		Debug|Any CPU = Debug|Any CPU
		Release|Any CPU = Release|Any CPU
	EndGlobalSection
	GlobalSection(SolutionProperties) = preSolution
		HideSolutionNode = FALSE
	EndGlobalSection
	GlobalSection(ProjectConfigurationPlatforms) = postSolution
		{B113862C-EA87-4EF3-B399-FB92C404B19B}.Debug|Any CPU.ActiveCfg = Debug|Any CPU
		{B113862C-EA87-4EF3-B399-FB92C404B19B}.Debug|Any CPU.Build.0 = Debug|Any CPU
		{B113862C-EA87-4EF3-B399-FB92C404B19B}.Release|Any CPU.ActiveCfg = Release|Any CPU
		{B113862C-EA87-4EF3-B399-FB92C404B19B}.Release|Any CPU.Build.0 = Release|Any CPU
		{170270B1-67AF-4FB5-B910-B3FA66DD5161}.Debug|Any CPU.ActiveCfg = Debug|Any CPU
		{170270B1-67AF-4FB5-B910-B3FA66DD5161}.Debug|Any CPU.Build.0 = Debug|Any CPU
		{170270B1-67AF-4FB5-B910-B3FA66DD5161}.Release|Any CPU.ActiveCfg = Release|Any CPU
		{170270B1-67AF-4FB5-B910-B3FA66DD5161}.Release|Any CPU.Build.0 = Release|Any CPU
		{A9E801CD-1513-4D0F-9889-2A31A33D2B46}.Debug|Any CPU.ActiveCfg = Debug|Any CPU
		{A9E801CD-1513-4D0F-9889-2A31A33D2B46}.Debug|Any CPU.Build.0 = Debug|Any CPU
		{A9E801CD-1513-4D0F-9889-2A31A33D2B46}.Release|Any CPU.ActiveCfg = Release|Any CPU
		{A9E801CD-1513-4D0F-9889-2A31A33D2B46}.Release|Any CPU.Build.0 = Release|Any CPU
		{2DF593D5-3C21-46DB-A47A-E4E5B47C8AEF}.Debug|Any CPU.ActiveCfg = Debug|Any CPU
		{2DF593D5-3C21-46DB-A47A-E4E5B47C8AEF}.Debug|Any CPU.Build.0 = Debug|Any CPU
		{2DF593D5-3C21-46DB-A47A-E4E5B47C8AEF}.Release|Any CPU.ActiveCfg = Release|Any CPU
		{2DF593D5-3C21-46DB-A47A-E4E5B47C8AEF}.Release|Any CPU.Build.0 = Release|Any CPU
	EndGlobalSection
EndGlobal
